version = 1
revision = 3
requires-python = ">=3.14"

[[package]]
name = "colorama"
version = "0.4.6"
source = { registry = "https://pypi.org/simple" }
sdist = { url = "https://files.pythonhosted.org/packages/d8/53/6f443c9a4a8358a93a6792e2acffb9d9d5cb0a5cfd8802644b7b1c9a02e4/colorama-0.4.6.tar.gz", hash = "sha256:08695f5cb7ed6e0531a20572697297273c47b8cae5a63ffc6d6ed5c201be6e44", size = 27697, upload-time = "2022-10-25T02:36:22.414Z" }
wheels = [
    { url = "https://files.pythonhosted.org/packages/d1/d6/3965ed04c63042e047cb6a3e6ed1a63a35087b6a609aa3a15ed8ac56c221/colorama-0.4.6-py2.py3-none-any.whl", hash = "sha256:4f1d9991f5acc0ca119f9d443620b77f9d6b33703e51011c16baf57afb285fc6", size = 25335, upload-time = "2022-10-25T02:36:20.889Z" },
]

[[package]]
name = "coverage"
version = "7.15.4"
source = { registry = "https://pypi.org/simple" }
sdist = { url = "https://files.pythonhosted.org/packages/be/c3/4f2195f512fb172aa425a8803a874b2baa9ba7f80ff7b6080998761fc701/coverage-7.15.4.tar.gz", hash = "sha256:0548198fff07ccf4faf469520bce1c2eceb1ce3e62891921138dec10907f9d00", size = 936952, upload-time = "2026-08-06T13:50:24.442Z" }
wheels = [
    { url = "https://files.pythonhosted.org/packages/ea/ac/748cf29eeb2d6be34a3176ce26a4f49e38085ee08e8935f05f6f26ed7e0f/coverage-7.15.4-cp314-cp314-macosx_10_15_x86_64.whl", hash = "sha256:770e9325ab5ea6d56f77e59b29ecfe0ac20b57a82a601876f90494a4dda0386f", size = 222608, upload-time = "2026-08-06T13:48:26.806Z" },
    { url = "https://files.pythonhosted.org/packages/0b/02/1abbf5c984677b0aa439cdacaccbf38d248939d8ef8fe1cc7a50d73edb77/coverage-7.15.4-cp314-cp314-macosx_11_0_arm64.whl", hash = "sha256:d12b33a3a50a1676b7784dc8d00a0c6d66a9f2add4b85a041c19b6a7e53ef23c", size = 222940, upload-time = "2026-08-06T13:48:28.432Z" },
    { url = "https://files.pythonhosted.org/packages/eb/e1/ff8f9f53d9fcf586125b55d0b1f04ec1c14955fee41e83d5814bee141bb5/coverage-7.15.4-cp314-cp314-manylinux1_i686.manylinux_2_28_i686.manylinux_2_5_i686.whl", hash = "sha256:5669c8378ebde86f5def7a25d29586631b58acc27ffde04399f678f3dfc6e082", size = 253985, upload-time = "2026-08-06T13:48:29.995Z" },
    { url = "https://files.pythonhosted.org/packages/a1/26/595759762e514e81be1d7d01ed03444303bcd152226a6529998d253f9201/coverage-7.15.4-cp314-cp314-manylinux1_x86_64.manylinux_2_28_x86_64.manylinux_2_5_x86_64.whl", hash = "sha256:ff97a14362eef486483ed44042ca2027ea257df6ff768e62358ee0c9776925ac", size = 256492, upload-time = "2026-08-06T13:48:31.634Z" },
    { url = "https://files.pythonhosted.org/packages/24/68/b79aabac54d482be23b5fcdd4f4662bff24a78edc4ee29201726929936d5/coverage-7.15.4-cp314-cp314-manylinux2014_aarch64.manylinux_2_17_aarch64.manylinux_2_28_aarch64.whl", hash = "sha256:5a325e815318638aed1655d9c06e6d7c2d3d46c09231ce988070428a8762d734", size = 257837, upload-time = "2026-08-06T13:48:33.186Z" },
    { url = "https://files.pythonhosted.org/packages/09/0f/bf7f297885a5bf6fd71e5782404e0ff059ca09e8711ceb3a08544abde45a/coverage-7.15.4-cp314-cp314-manylinux2014_ppc64le.manylinux_2_17_ppc64le.manylinux_2_28_ppc64le.whl", hash = "sha256:474223409d88eb20d2d6a0d37ea60e8647a65a90cc008dc1f0410af5f64f1e0d", size = 260152, upload-time = "2026-08-06T13:48:34.75Z" },
    { url = "https://files.pythonhosted.org/packages/fd/f1/296744e854ff8368542343457414380465e9ceefb9192342feb9d3bc461d/coverage-7.15.4-cp314-cp314-manylinux_2_31_riscv64.manylinux_2_39_riscv64.whl", hash = "sha256:7f2f62ae3cd189dd2e13aece758c57b3eecbd27be070dbd4cbd10936049e5dbf", size = 253978, upload-time = "2026-08-06T13:48:36.434Z" },
    { url = "https://files.pythonhosted.org/packages/55/b0/bbdb2e9057493e66220a2e149ca2d301ba0e3a58a83bd6b90de9826d16f3/coverage-7.15.4-cp314-cp314-musllinux_1_2_aarch64.whl", hash = "sha256:39ece820e29e0a2ba34b3ecb3be83c27e997eed8926f2ba6fe7ce7a0bda5843b", size = 255846, upload-time = "2026-08-06T13:48:38.317Z" },
    { url = "https://files.pythonhosted.org/packages/96/e4/38015b2b6d21258713bd17e76b59d033b191efb5703589cffd037dfbca20/coverage-7.15.4-cp314-cp314-musllinux_1_2_i686.whl", hash = "sha256:f21b56dcace11dfe013014201f577dcd592b2a9b72182d930361b47cf6f73f25", size = 253808, upload-time = "2026-08-06T13:48:39.993Z" },
    { url = "https://files.pythonhosted.org/packages/0b/64/0d515c1e60ee6fbfd1a0e79c07cd87d388a233b7adc37758735677203808/coverage-7.15.4-cp314-cp314-musllinux_1_2_ppc64le.whl", hash = "sha256:93a3a0b662abcc10c73a47cbc72cd60f63618d6989fb2d1286e50eacd974f303", size = 258081, upload-time = "2026-08-06T13:48:41.971Z" },
    { url = "https://files.pythonhosted.org/packages/91/71/04d9e7a3642146c6351338aef4ef85ab11dbbb54744c13245caba1aad1c0/coverage-7.15.4-cp314-cp314-musllinux_1_2_riscv64.whl", hash = "sha256:141fae2cabf5569b782c10afc4c850ce10f618c13f8db54765cba99cc839da1f", size = 253624, upload-time = "2026-08-06T13:48:43.731Z" },
    { url = "https://files.pythonhosted.org/packages/b4/a7/6c28b74c81ebff66987b0e2522ba5cffa3e90b0c33cb6a2eb264d4ee8cf1/coverage-7.15.4-cp314-cp314-musllinux_1_2_x86_64.whl", hash = "sha256:81294c7e6ab30c5f74c0353b11b2fd6320e72d9bee6ac73b357caa8b916323a5", size = 255280, upload-time = "2026-08-06T13:48:45.58Z" },
    { url = "https://files.pythonhosted.org/packages/52/af/bc19996a7014b98d7bbb0f0939453c67074af65784a3aa16a789a07381fa/coverage-7.15.4-cp314-cp314-win32.whl", hash = "sha256:7bbd7d6418e0dab31a206af5203bd43ae36edb8e7fba1940b055d3e9249290d7", size = 224768, upload-time = "2026-08-06T13:48:47.525Z" },
    { url = "https://files.pythonhosted.org/packages/ee/90/219484e476d6e101ba0a444852579e05f5b75c37c611a42ed1190f73ef62/coverage-7.15.4-cp314-cp314-win_amd64.whl", hash = "sha256:f0204ed122758782970526057093f448051a39db9d810d4e344bb87a3546f425", size = 225259, upload-time = "2026-08-06T13:48:49.513Z" },
    { url = "https://files.pythonhosted.org/packages/b7/66/fa77daf4e383e5f776dac62c2409b6af81910ae6fe326bd5170dba74cc63/coverage-7.15.4-cp314-cp314-win_arm64.whl", hash = "sha256:9e71e7bc71c686a123347ae47a0de33a175e797a85bb57b791492adf4eec8ed8", size = 224684, upload-time = "2026-08-06T13:48:51.235Z" },
    { url = "https://files.pythonhosted.org/packages/58/5b/f03bf0ce362bbf3f785fa5219620d00778d4ac6fc9e407734828e9c672f6/coverage-7.15.4-cp314-cp314t-macosx_10_15_x86_64.whl", hash = "sha256:7c922735321eef3f87c280a3d39afff6b646723a2880b862cda4ac7a093b8aa8", size = 223338, upload-time = "2026-08-06T13:48:52.896Z" },
    { url = "https://files.pythonhosted.org/packages/0f/76/e77d0ae22501831cc9f92193e8a957a5caa1dd177f90a6d1d9b106242d92/coverage-7.15.4-cp314-cp314t-macosx_11_0_arm64.whl", hash = "sha256:f41c17c4668a655ce96d090d8d5ffdc24ef64b5a02f9753884d08483e8a4a41a", size = 223609, upload-time = "2026-08-06T13:48:54.688Z" },
    { url = "https://files.pythonhosted.org/packages/82/1a/b1f089da8d38ac612fa2dd6dc7f4a1a7657d12f3e261d2996edd3a838d0b/coverage-7.15.4-cp314-cp314t-manylinux1_i686.manylinux_2_28_i686.manylinux_2_5_i686.whl", hash = "sha256:46822e9b6ff1c6a72b518c162c44a8f45a61a1d609c51084bf5b16c023c5037b", size = 264970, upload-time = "2026-08-06T13:48:56.403Z" },
    { url = "https://files.pythonhosted.org/packages/bf/31/e66d98d6e9c7fcc88470f1e234eaf6b1950dc0dfbf797f7282c1c861da24/coverage-7.15.4-cp314-cp314t-manylinux1_x86_64.manylinux_2_28_x86_64.manylinux_2_5_x86_64.whl", hash = "sha256:3d6f4955b73b5445271379a59e3792b0d978f42d4a01e0cf7a67d9c33a3bb0a5", size = 267088, upload-time = "2026-08-06T13:48:58.41Z" },
    { url = "https://files.pythonhosted.org/packages/59/a1/ae94eb2c541add426378408379f233591e069040b1e2cdb33df9498a0682/coverage-7.15.4-cp314-cp314t-manylinux2014_aarch64.manylinux_2_17_aarch64.manylinux_2_28_aarch64.whl", hash = "sha256:3fc9e047706fb4a9abb54f719d3aa643e80e5bb3818182c40aee01ac0f0247ba", size = 269508, upload-time = "2026-08-06T13:49:00.42Z" },
    { url = "https://files.pythonhosted.org/packages/9c/c7/88a10694a1c6a213569766aba9f25847b28155d4ac731b13226db216356d/coverage-7.15.4-cp314-cp314t-manylinux2014_ppc64le.manylinux_2_17_ppc64le.manylinux_2_28_ppc64le.whl", hash = "sha256:05e491d4f3165d62d4f5c8fd48dfeabf2ae8f42cbbd484319af33ea851b78982", size = 270629, upload-time = "2026-08-06T13:49:02.234Z" },
    { url = "https://files.pythonhosted.org/packages/b3/34/d8b8232e5e55169933b59aabcef2fedfa4b9d8897361bb80fcbda146505f/coverage-7.15.4-cp314-cp314t-manylinux_2_31_riscv64.manylinux_2_39_riscv64.whl", hash = "sha256:226c66e80ec0598d3b9b4874123df167ccca342aca8714f77cac6829688ee09c", size = 264043, upload-time = "2026-08-06T13:49:04.102Z" },
    { url = "https://files.pythonhosted.org/packages/7e/35/58b009dbf8c471c7224716478b9fed4a7e1af15320e1ed41660978504663/coverage-7.15.4-cp314-cp314t-musllinux_1_2_aarch64.whl", hash = "sha256:ac41cc14bebda0dbfb0628036b7f75706935c95bcc07fefe9a0f93614aa60a57", size = 266963, upload-time = "2026-08-06T13:49:05.821Z" },
    { url = "https://files.pythonhosted.org/packages/62/aa/57fbda1b42c892968273c56b6ee9dc0f1310850859230a507bc7873b1f65/coverage-7.15.4-cp314-cp314t-musllinux_1_2_i686.whl", hash = "sha256:8af623e5cd92080acddd02b38f2f406a2c3a0893c38950b211890361448fbf26", size = 264569, upload-time = "2026-08-06T13:49:07.706Z" },
    { url = "https://files.pythonhosted.org/packages/98/8a/360e6e7f24d477b7e889703af0afa878d15b6d4d8d2a822b2835c169a879/coverage-7.15.4-cp314-cp314t-musllinux_1_2_ppc64le.whl", hash = "sha256:07545711d4f0f32852a18f18ad11f76f0109909d09e78b9008b4cfc67e829429", size = 268299, upload-time = "2026-08-06T13:49:09.587Z" },
    { url = "https://files.pythonhosted.org/packages/4e/89/6f701261aee21b6b5fa8f7872229406dc917e125069448292223bf213606/coverage-7.15.4-cp314-cp314t-musllinux_1_2_riscv64.whl", hash = "sha256:a0865421cfdc53654b342d515e5a233187590882d20b95752150e53f65460017", size = 263413, upload-time = "2026-08-06T13:49:11.604Z" },
    { url = "https://files.pythonhosted.org/packages/3f/0f/6f04036edc260ed425af83e834f627fad48941ce97b50bfe6edd8b6fa623/coverage-7.15.4-cp314-cp314t-musllinux_1_2_x86_64.whl", hash = "sha256:460115e32ee40566476db5048f9bec1e842c127ad8e6f8be745aad3ac9cbc839", size = 265725, upload-time = "2026-08-06T13:49:13.38Z" },
    { url = "https://files.pythonhosted.org/packages/c4/ce/d19b5d4d5c49a7bfb925fd74310fee7d28bc99520ac3367ccbc54e662518/coverage-7.15.4-cp314-cp314t-win32.whl", hash = "sha256:cbde877ef9dd7baf272b9bfef2b8a25edd45d9170fc326951dd20eb480335e85", size = 225079, upload-time = "2026-08-06T13:49:15.265Z" },
    { url = "https://files.pythonhosted.org/packages/26/bb/7aa1b3b173faee0679037ca950bbbe1247273656697994d8d13f80f8d4b4/coverage-7.15.4-cp314-cp314t-win_amd64.whl", hash = "sha256:3da9e92d1c551fd7563833e9ade686efb0c4b7363ab7681a94283958c950bf5e", size = 225911, upload-time = "2026-08-06T13:49:17.279Z" },
    { url = "https://files.pythonhosted.org/packages/81/1c/4ea9e47426d80038d9222db3c4534cb6021a74b237d3ff97ffd33b6600dd/coverage-7.15.4-cp314-cp314t-win_arm64.whl", hash = "sha256:3a54f5a0d85050c73a38f6793090ee83974531e67fe5e57a1da9bee11398aa5e", size = 225219, upload-time = "2026-08-06T13:49:19.293Z" },
    { url = "https://files.pythonhosted.org/packages/2b/c4/dc5d2ac8f9142e7ec7de66e7bf0591db29d78955a040bd915870d9c0e657/coverage-7.15.4-cp315-cp315-macosx_10_15_x86_64.whl", hash = "sha256:2c9872e4d9dc5d3cf616bf4b382f5a00359305a5be666a3dd0b5cdb4e49597f9", size = 222604, upload-time = "2026-08-06T13:49:21.279Z" },
    { url = "https://files.pythonhosted.org/packages/70/39/33e63df81fe2ee100897451841c821467635923e58e37c6bd4b46dd8106c/coverage-7.15.4-cp315-cp315-macosx_11_0_arm64.whl", hash = "sha256:e101dbb4b9b72f0cddd8cdc8c9c5b47f456766f5e0ac82dbfb75e5c55409b78a", size = 222944, upload-time = "2026-08-06T13:49:23.187Z" },
    { url = "https://files.pythonhosted.org/packages/99/1f/ef3ffb5557febc75a0d97aa459d0266d7d741110265121cc6d8539343d44/coverage-7.15.4-cp315-cp315-manylinux1_i686.manylinux_2_28_i686.manylinux_2_5_i686.whl", hash = "sha256:7d1abebdb047729e852b9c77a00497dfbeb11eb3a117e037d7dbc3ac8e5f5c54", size = 254050, upload-time = "2026-08-06T13:49:25.008Z" },
    { url = "https://files.pythonhosted.org/packages/6f/f5/1f0f6f77698c3601ca0ae7431e34b24c62ca2f06fecb23b73ed1f651d2be/coverage-7.15.4-cp315-cp315-manylinux1_x86_64.manylinux_2_28_x86_64.manylinux_2_5_x86_64.whl", hash = "sha256:d28a4a899354d0ea6214cc59b4fa19eefbce1b9ff1688ab579acf49e894bd3fb", size = 256967, upload-time = "2026-08-06T13:49:26.896Z" },
    { url = "https://files.pythonhosted.org/packages/03/7a/2ed9bed79925f4367c83c77f66a89e5ca7229c288d2d19ad5f36d1ca0070/coverage-7.15.4-cp315-cp315-manylinux2014_aarch64.manylinux_2_17_aarch64.manylinux_2_28_aarch64.whl", hash = "sha256:ffb3c2aacea411cc7e1d27712490c11108e2de1d39019ae32915493a59a8b9ed", size = 258587, upload-time = "2026-08-06T13:49:28.692Z" },
    { url = "https://files.pythonhosted.org/packages/45/8c/fa34044f71b7cc4ecb6da9c2408770959b0591fa9b5fb6fb6bca38f94298/coverage-7.15.4-cp315-cp315-manylinux2014_ppc64le.manylinux_2_17_ppc64le.manylinux_2_28_ppc64le.whl", hash = "sha256:a9447978a92f405d301123cfd39ff49895490efb769a758fe2734c7f631bf8ce", size = 260785, upload-time = "2026-08-06T13:49:30.472Z" },
    { url = "https://files.pythonhosted.org/packages/4f/54/d5727ce36b4524a7394ab9f5f1df378e1f23affcdab01037dc8655185cc7/coverage-7.15.4-cp315-cp315-manylinux_2_31_riscv64.manylinux_2_39_riscv64.whl", hash = "sha256:050467a7983b8e2fe7dd41a78bb30c3e7f8c0b8cafda14b1c46f8b5e3cf2dd3c", size = 254545, upload-time = "2026-08-06T13:49:32.271Z" },
    { url = "https://files.pythonhosted.org/packages/dc/e6/6e3783e576719590194bdffb6dd6d85490801785b7c331e35a245d8cb8b5/coverage-7.15.4-cp315-cp315-musllinux_1_2_aarch64.whl", hash = "sha256:d003b7a5708ddad5c206c79607a6b92abb6fc13c57d99d8a4468cc03a2941ced", size = 256682, upload-time = "2026-08-06T13:49:34.089Z" },
    { url = "https://files.pythonhosted.org/packages/dc/f2/bacdbde18b69ed2de424fcf64d9fb0a4913753d4f0eca8bae9daad69f4bd/coverage-7.15.4-cp315-cp315-musllinux_1_2_i686.whl", hash = "sha256:c38efe30fd74e5c19e9433f11fb1f5dc9c6522770971b7c6145bbaa413dc8800", size = 254560, upload-time = "2026-08-06T13:49:36.052Z" },
    { url = "https://files.pythonhosted.org/packages/6c/a3/1fb927196e3477c1b48831169ab58ba08f451ba87ae311ff1de68b26a616/coverage-7.15.4-cp315-cp315-musllinux_1_2_ppc64le.whl", hash = "sha256:1f4f826d70f772ab8b0c052329580d7fe8b8abd191e4ce0c8f81aec6614665d3", size = 258792, upload-time = "2026-08-06T13:49:38.01Z" },
    { url = "https://files.pythonhosted.org/packages/41/58/30d4c149c69053de0edfe325614c1d28d508f62b1783e0e4a234d2e49136/coverage-7.15.4-cp315-cp315-musllinux_1_2_riscv64.whl", hash = "sha256:4a4bf917c9953f57c957be31c1cd504e3bd2f34d4a352b9d391a3025336f6768", size = 253968, upload-time = "2026-08-06T13:49:39.934Z" },
    { url = "https://files.pythonhosted.org/packages/89/e4/77f639371b918aad30dda4051f95404b43578f7f2e2f87ba73e02ed1ff37/coverage-7.15.4-cp315-cp315-musllinux_1_2_x86_64.whl", hash = "sha256:1c9bf40ebef178a45192c75c4964760bb261b0e6ad725da5fc4c93f674f19753", size = 255893, upload-time = "2026-08-06T13:49:41.825Z" },
    { url = "https://files.pythonhosted.org/packages/5c/62/13be29b3ddab35f14c87967a4820a05106d2a3eccb4fa4ff550bf30b75e0/coverage-7.15.4-cp315-cp315-win32.whl", hash = "sha256:43619d04c3671792d2c4706ae8bf45e265dc87bbd4078189ef8b847ea1e74be2", size = 224768, upload-time = "2026-08-06T13:49:44.08Z" },
    { url = "https://files.pythonhosted.org/packages/a1/70/af0c6be0f964af6954f6b74bc109b0dbca02824696d2520fb17fe1ab06e3/coverage-7.15.4-cp315-cp315-win_amd64.whl", hash = "sha256:be619439dbcd31a2eab10b32de9fff62c26ed4bab69dc32b8363fdaaa0882809", size = 225242, upload-time = "2026-08-06T13:49:45.899Z" },
    { url = "https://files.pythonhosted.org/packages/4f/2d/f3bd3aab899fc9efc18b53133ee68f5f98574ef480649b23e12962226387/coverage-7.15.4-cp315-cp315-win_arm64.whl", hash = "sha256:def597967dafc2e8d97c9097ea453c464e0bb8ed38f193a43070f10dc623bb6d", size = 224674, upload-time = "2026-08-06T13:49:48.322Z" },
    { url = "https://files.pythonhosted.org/packages/f5/ca/f69251cd63eabc6438321aea22148754cce758a26bde07dd490e3fe7cfc5/coverage-7.15.4-cp315-cp315t-macosx_10_15_x86_64.whl", hash = "sha256:c7dbc748ac8a1e3e59a2b28bea47675e6e778081dbbf081bde0d75def2fcbe1d", size = 223333, upload-time = "2026-08-06T13:49:50.293Z" },
    { url = "https://files.pythonhosted.org/packages/a7/a7/037b53b2885b0d8447064432491a4d5a1014cd9f97a594d53acd0c04541a/coverage-7.15.4-cp315-cp315t-macosx_11_0_arm64.whl", hash = "sha256:2413074a5ecbb61a01a7888fc72db0ca324d13588c5b38bc0dd8564cdcdfea26", size = 223630, upload-time = "2026-08-06T13:49:52.637Z" },
    { url = "https://files.pythonhosted.org/packages/80/4f/152b8a4779ae90da11bb24f7467df8a59f0be48a5c52acb856325ca48289/coverage-7.15.4-cp315-cp315t-manylinux1_i686.manylinux_2_28_i686.manylinux_2_5_i686.whl", hash = "sha256:4e6f6f632b7b2f714bf7a1346e8f97b650ee71f3c298aaad42a2ab60f0f07645", size = 264489, upload-time = "2026-08-06T13:49:54.52Z" },
    { url = "https://files.pythonhosted.org/packages/10/2d/84b4b9e0e1dd6528a51920ff7031f35b789382e467a28ec6a5a578cb8812/coverage-7.15.4-cp315-cp315t-manylinux1_x86_64.manylinux_2_28_x86_64.manylinux_2_5_x86_64.whl", hash = "sha256:8df457da2249d3c75ca2e5e835d59c725abfe92d27fdff6cd99eed85b51d5e9a", size = 267567, upload-time = "2026-08-06T13:49:56.721Z" },
    { url = "https://files.pythonhosted.org/packages/53/fc/ba01cc25299f9f8a2c8b02d3b28c53f3543d9fbfbe4e74fa2760b48f163e/coverage-7.15.4-cp315-cp315t-manylinux2014_aarch64.manylinux_2_17_aarch64.manylinux_2_28_aarch64.whl", hash = "sha256:050f66a08805acb5b8a23c6d4a517b1ecf82c08e81ed0e4bd727df065e5c6624", size = 270123, upload-time = "2026-08-06T13:49:58.736Z" },
    { url = "https://files.pythonhosted.org/packages/cf/d0/db2647cbf40b14f8c308f94ff7bf89c06d564e59f396906edf50086ec788/coverage-7.15.4-cp315-cp315t-manylinux2014_ppc64le.manylinux_2_17_ppc64le.manylinux_2_28_ppc64le.whl", hash = "sha256:1587fb771d1ccceef708fdde1e5af8c7ed24b486b61d13a321acb7d8145390aa", size = 271107, upload-time = "2026-08-06T13:50:00.811Z" },
    { url = "https://files.pythonhosted.org/packages/70/ff/4d2d17924552c458bb4f77dd631f0e3bc92fbbdf2d2d916cd4b33bbfd5b1/coverage-7.15.4-cp315-cp315t-manylinux_2_31_riscv64.manylinux_2_39_riscv64.whl", hash = "sha256:8b4f1c3a69ca580f3fbd6b2046915f536d7f586874f25c1bb23add2a3c88d50f", size = 264955, upload-time = "2026-08-06T13:50:03.023Z" },
    { url = "https://files.pythonhosted.org/packages/ee/de/dc010c7a3691f396d93bbc26bfcafa1c2a3a351cd520470f15faf5795bd5/coverage-7.15.4-cp315-cp315t-musllinux_1_2_aarch64.whl", hash = "sha256:ffb58d7eff5b7f6ecc6fa21d6288ab7f968a212cb67d682c269c09b9eba3b66f", size = 267949, upload-time = "2026-08-06T13:50:05.557Z" },
    { url = "https://files.pythonhosted.org/packages/78/ea/dc96a11375e83c045c2f7c61fb6918277cfe9401db7c0f7b1d111a84b2e5/coverage-7.15.4-cp315-cp315t-musllinux_1_2_i686.whl", hash = "sha256:d9df165544774574ee004b953023d1bebada1894a80b1052a43d798b0f676e67", size = 264421, upload-time = "2026-08-06T13:50:07.612Z" },
    { url = "https://files.pythonhosted.org/packages/c8/86/b77131a0f9503ce461cd577076147d7a9040f0c5dda772686f729e2cc9cb/coverage-7.15.4-cp315-cp315t-musllinux_1_2_ppc64le.whl", hash = "sha256:f9de0a24a4079b53e523b5c5e2c5945ec251ab486652659955187cf255a259bc", size = 269121, upload-time = "2026-08-06T13:50:09.58Z" },
    { url = "https://files.pythonhosted.org/packages/24/24/944bc35007862955e7ebf05754e645419dcf5d7526c52735cfa2715e8ebf/coverage-7.15.4-cp315-cp315t-musllinux_1_2_riscv64.whl", hash = "sha256:150089274bdc9f940628552cb92844e0223c987f1902ab8efe9f45a2ec758d88", size = 264565, upload-time = "2026-08-06T13:50:11.722Z" },
    { url = "https://files.pythonhosted.org/packages/c7/cc/a3bb9f93e7e740659163e2ea584f8196ddcd2c456a5dbe15f6c50105fec1/coverage-7.15.4-cp315-cp315t-musllinux_1_2_x86_64.whl", hash = "sha256:a58a94fed5da6997d258e8f7668c1e195fbd04a691d781b7558f1e468f9e68bc", size = 266522, upload-time = "2026-08-06T13:50:13.786Z" },
    { url = "https://files.pythonhosted.org/packages/49/dd/e0e40f3560d878d888c580698ff5ad1179f5e1c3ac949684ef66b41a3817/coverage-7.15.4-cp315-cp315t-win32.whl", hash = "sha256:ebd5a6d8466ff30836572f3ba2cae8a5e8f85029b1c6d5e2ed338dc472a5166a", size = 225068, upload-time = "2026-08-06T13:50:15.825Z" },
    { url = "https://files.pythonhosted.org/packages/c6/7e/37732ea80eebc30e976e4cdab15c190bc42d96959a42e38ddf6f8c60468f/coverage-7.15.4-cp315-cp315t-win_amd64.whl", hash = "sha256:288bde2a2d7ab6b6c2d7252fcde8b524387f2d970bdba9658fc6f8bbcaef0f9b", size = 225895, upload-time = "2026-08-06T13:50:17.928Z" },
    { url = "https://files.pythonhosted.org/packages/c6/08/1e00f7923eaaba45fb3d51dd794125fc766304b1df264f3a9c6557bfb30e/coverage-7.15.4-cp315-cp315t-win_arm64.whl", hash = "sha256:68be5e1de60ff13c9095bbec0e5a7fa45b33b101752215b91345ea1f61c4a278", size = 225213, upload-time = "2026-08-06T13:50:19.981Z" },
    { url = "https://files.pythonhosted.org/packages/b4/d9/e70c286c979378f061d8266e279b686ab0b0b688e1fe0af864684f23a77d/coverage-7.15.4-py3-none-any.whl", hash = "sha256:964730a1e9de9c0cf11be6a1a3c79ce419c34882842abd256086ba4698705e84", size = 214332, upload-time = "2026-08-06T13:50:22.192Z" },
]

[[package]]
name = "iniconfig"
version = "2.3.0"
source = { registry = "https://pypi.org/simple" }
sdist = { url = "https://files.pythonhosted.org/packages/72/34/14ca021ce8e5dfedc35312d08ba8bf51fdd999c576889fc2c24cb97f4f10/iniconfig-2.3.0.tar.gz", hash = "sha256:c76315c77db068650d49c5b56314774a7804df16fee4402c1f19d6d15d8c4730", size = 20503, upload-time = "2025-10-18T21:55:43.219Z" }
wheels = [
    { url = "https://files.pythonhosted.org/packages/cb/b1/3846dd7f199d53cb17f49cba7e651e9ce294d8497c8c150530ed11865bb8/iniconfig-2.3.0-py3-none-any.whl", hash = "sha256:f631c04d2c48c52b84d0d0549c99ff3859c98df65b3101406327ecc7d53fbf12", size = 7484, upload-time = "2025-10-18T21:55:41.639Z" },
]

[[package]]
name = "packaging"
version = "26.3"
source = { registry = "https://pypi.org/simple" }
sdist = { url = "https://files.pythonhosted.org/packages/7d/fa/3944b40b07da9ce895c0e6303a5ab7d53da063554f534556b134a54d6093/packaging-26.3.tar.gz", hash = "sha256:94edc256424af38762eb31306eed28beb9f0efc50a8837492c9d6fd6004aed79", size = 313412, upload-time = "2026-08-04T18:15:28.737Z" }
wheels = [
    { url = "https://files.pythonhosted.org/packages/63/34/ba1c580383c9eada3711951fef0795c80b829a078d72188184bcab9dd527/packaging-26.3-py3-none-any.whl", hash = "sha256:d7193f7c8e4e93f444fde0262bf90af30e16fa0ad0ad44cb553c87339b23cd1c", size = 129956, upload-time = "2026-08-04T18:15:27.159Z" },
]

[[package]]
name = "pastel"
version = "0.2.1"
source = { registry = "https://pypi.org/simple" }
sdist = { url = "https://files.pythonhosted.org/packages/76/f1/4594f5e0fcddb6953e5b8fe00da8c317b8b41b547e2b3ae2da7512943c62/pastel-0.2.1.tar.gz", hash = "sha256:e6581ac04e973cac858828c6202c1e1e81fee1dc7de7683f3e1ffe0bfd8a573d", size = 7555, upload-time = "2020-09-16T19:21:12.43Z" }
wheels = [
    { url = "https://files.pythonhosted.org/packages/aa/18/a8444036c6dd65ba3624c63b734d3ba95ba63ace513078e1580590075d21/pastel-0.2.1-py2.py3-none-any.whl", hash = "sha256:4349225fcdf6c2bb34d483e523475de5bb04a5c10ef711263452cb37d7dd4364", size = 5955, upload-time = "2020-09-16T19:21:11.409Z" },
]

[[package]]
name = "pluggy"
version = "1.6.0"
source = { registry = "https://pypi.org/simple" }
sdist = { url = "https://files.pythonhosted.org/packages/f9/e2/3e91f31a7d2b083fe6ef3fa267035b518369d9511ffab804f839851d2779/pluggy-1.6.0.tar.gz", hash = "sha256:7dcc130b76258d33b90f61b658791dede3486c3e6bfb003ee5c9bfb396dd22f3", size = 69412, upload-time = "2025-05-15T12:30:07.975Z" }
wheels = [
    { url = "https://files.pythonhosted.org/packages/54/20/4d324d65cc6d9205fabedc306948156824eb9f0ee1633355a8f7ec5c66bf/pluggy-1.6.0-py3-none-any.whl", hash = "sha256:e920276dd6813095e9377c0bc5566d94c932c33b27a3e3945d8389c374dd4746", size = 20538, upload-time = "2025-05-15T12:30:06.134Z" },
]

[[package]]
name = "poethepoet"
version = "0.48.0"
source = { registry = "https://pypi.org/simple" }
dependencies = [
    { name = "pastel" },
    { name = "pyyaml" },
]
sdist = { url = "https://files.pythonhosted.org/packages/5c/92/93a4af9511b8c7c647874521d9e6c904266be98067c2ee1eb2e74520d208/poethepoet-0.48.0.tar.gz", hash = "sha256:a06f49d244fadfc2e2e7faa78b54e64a9694727e4ce1d50e08f23cea3ded74f1", size = 148679, upload-time = "2026-07-05T21:48:30.106Z" }
wheels = [
    { url = "https://files.pythonhosted.org/packages/59/8d/d7c9455b15f8d2d7ce57e7b71a8ef8d02d9992ae4283c9777120620c9022/poethepoet-0.48.0-py3-none-any.whl", hash = "sha256:98da6096d060f49b8d84034770265863fb7dc92a40233b7694b9d216ac68737d", size = 185808, upload-time = "2026-07-05T21:48:28.601Z" },
]

[[package]]
name = "pygments"
version = "2.21.0"
source = { registry = "https://pypi.org/simple" }
sdist = { url = "https://files.pythonhosted.org/packages/49/2e/ced460408999b33da6b31b0021b0f37d329e202d4169aeb164493778f25b/pygments-2.21.0.tar.gz", hash = "sha256:610ca751c9bc2492b38eb9a38a7fbc93edbbb2d7182edaf34e66ae493dee5c8c", size = 5005329, upload-time = "2026-08-17T08:02:48.824Z" }
wheels = [
    { url = "https://files.pythonhosted.org/packages/71/46/17f022dd3e953bf20a04a028a21ec746d942f8d2af30fa0f124fa0e6a684/pygments-2.21.0-py3-none-any.whl", hash = "sha256:2363c69b61c4a97c838da3b130dcd6468f4848992b21a82f2a63ec34377137d9", size = 1250147, upload-time = "2026-08-17T08:02:44.912Z" },
]

[[package]]
name = "pytest"
version = "9.1.1"
source = { registry = "https://pypi.org/simple" }
dependencies = [
    { name = "colorama", marker = "sys_platform == 'win32'" },
    { name = "iniconfig" },
    { name = "packaging" },
    { name = "pluggy" },
    { name = "pygments" },
]
sdist = { url = "https://files.pythonhosted.org/packages/e4/47/b9efed96c114afcfa3c9d3fe98a76a1d14c74a9e266d397cf6eb64be5e01/pytest-9.1.1.tar.gz", hash = "sha256:1088fbde8f2b49d95a549a195707afa7a76a3ce9bcadc26b6d71f0ffda5fe313", size = 1636369, upload-time = "2026-06-19T10:58:32.857Z" }
wheels = [
    { url = "https://files.pythonhosted.org/packages/24/25/1de2678b631f5a49215c6c96fff41ba892b0a34df68d6d80292b1b48aa7f/pytest-9.1.1-py3-none-any.whl", hash = "sha256:37a86b45efb9a47a61a36449063e8e18d0cab3161329fc099eb21783169c4f0c", size = 386536, upload-time = "2026-06-19T10:58:31.347Z" },
]

[[package]]
name = "pytest-cov"
version = "7.1.0"
source = { registry = "https://pypi.org/simple" }
dependencies = [
    { name = "coverage" },
    { name = "pluggy" },
    { name = "pytest" },
]
sdist = { url = "https://files.pythonhosted.org/packages/b1/51/a849f96e117386044471c8ec2bd6cfebacda285da9525c9106aeb28da671/pytest_cov-7.1.0.tar.gz", hash = "sha256:30674f2b5f6351aa09702a9c8c364f6a01c27aae0c1366ae8016160d1efc56b2", size = 55592, upload-time = "2026-03-21T20:11:16.284Z" }
wheels = [
    { url = "https://files.pythonhosted.org/packages/9d/7a/d968e294073affff457b041c2be9868a40c1c71f4a35fcc1e45e5493067b/pytest_cov-7.1.0-py3-none-any.whl", hash = "sha256:a0461110b7865f9a271aa1b51e516c9a95de9d696734a2f71e3e78f46e1d4678", size = 22876, upload-time = "2026-03-21T20:11:14.438Z" },
]

[[package]]
name = "pytest-env"
version = "1.7.0"
source = { registry = "https://pypi.org/simple" }
dependencies = [
    { name = "pytest" },
    { name = "python-dotenv" },
]
sdist = { url = "https://files.pythonhosted.org/packages/65/49/08ee056f9cc655e437abcf2ae399884844b623223476ae6a77244131db03/pytest_env-1.7.0.tar.gz", hash = "sha256:0c1dc1101fb8d3ab3611e8f8d657ba06c3c0c167fc85c90457e5b27f2508f43e", size = 16408, upload-time = "2026-07-21T13:09:21.834Z" }
wheels = [
    { url = "https://files.pythonhosted.org/packages/3e/fc/9f2975c41d41bf5bd9a7d0fc03085ec20052b456b079df53828ae4a1b100/pytest_env-1.7.0-py3-none-any.whl", hash = "sha256:9ee0f1fe859d23fcdb533fe2909a404b3b133d02674a56df275bbe4df4eb104b", size = 10263, upload-time = "2026-07-21T13:09:20.677Z" },
]

[[package]]
name = "pytest-mock"
version = "3.15.1"
source = { registry = "https://pypi.org/simple" }
dependencies = [
    { name = "pytest" },
]
sdist = { url = "https://files.pythonhosted.org/packages/68/14/eb014d26be205d38ad5ad20d9a80f7d201472e08167f0bb4361e251084a9/pytest_mock-3.15.1.tar.gz", hash = "sha256:1849a238f6f396da19762269de72cb1814ab44416fa73a8686deac10b0d87a0f", size = 34036, upload-time = "2025-09-16T16:37:27.081Z" }
wheels = [
    { url = "https://files.pythonhosted.org/packages/5a/cc/06253936f4a7fa2e0f48dfe6d851d9c56df896a9ab09ac019d70b760619c/pytest_mock-3.15.1-py3-none-any.whl", hash = "sha256:0a25e2eb88fe5168d535041d09a4529a188176ae608a6d249ee65abc0949630d", size = 10095, upload-time = "2025-09-16T16:37:25.734Z" },
]

[[package]]
name = "python-dotenv"
version = "1.2.3"
source = { registry = "https://pypi.org/simple" }
sdist = { url = "https://files.pythonhosted.org/packages/6a/53/ed9d74092561d4b01a2ef1349d52cdbc135e526c245f366b089cfca6de49/python_dotenv-1.2.3.tar.gz", hash = "sha256:a20a594dabeaa385725aa239d5244871c143ecb356add8a20fcf23773a6c3a35", size = 58945, upload-time = "2026-08-16T16:54:54.067Z" }
wheels = [
    { url = "https://files.pythonhosted.org/packages/0d/17/c5c6b53ddc18f297992099b3d9ec16c855c0ccc83263a21fe4d1c625ec6c/python_dotenv-1.2.3-py3-none-any.whl", hash = "sha256:904552145e8bfed22162c09dab1c2b9b54fefa7b23ba780f4f26ca0316b0f0d9", size = 22780, upload-time = "2026-08-16T16:54:52.473Z" },
]

[[package]]
name = "python-project-template"
version = "0.1.0"
source = { virtual = "." }

[package.dev-dependencies]
dev = [
    { name = "poethepoet" },
    { name = "pytest" },
    { name = "pytest-cov" },
    { name = "pytest-env" },
    { name = "pytest-mock" },
    { name = "ruff" },
    { name = "ty" },
]

[package.metadata]

[package.metadata.requires-dev]
dev = [
    { name = "poethepoet", specifier = ">=0.48.0" },
    { name = "pytest", specifier = ">=9.1.1" },
    { name = "pytest-cov", specifier = ">=7.1.0" },
    { name = "pytest-env", specifier = ">=1.7.0" },
    { name = "pytest-mock", specifier = ">=3.15.1" },
    { name = "ruff", specifier = ">=0.16.4" },
    { name = "ty", specifier = ">=0.0.73" },
]

[[package]]
name = "pyyaml"
version = "6.0.3"
source = { registry = "https://pypi.org/simple" }
sdist = { url = "https://files.pythonhosted.org/packages/05/8e/961c0007c59b8dd7729d542c61a4d537767a59645b82a0b521206e1e25c2/pyyaml-6.0.3.tar.gz", hash = "sha256:d76623373421df22fb4cf8817020cbb7ef15c725b9d5e45f17e189bfc384190f", size = 130960, upload-time = "2025-09-25T21:33:16.546Z" }
wheels = [
    { url = "https://files.pythonhosted.org/packages/9d/8c/f4bd7f6465179953d3ac9bc44ac1a8a3e6122cf8ada906b4f96c60172d43/pyyaml-6.0.3-cp314-cp314-macosx_10_13_x86_64.whl", hash = "sha256:8d1fab6bb153a416f9aeb4b8763bc0f22a5586065f86f7664fc23339fc1c1fac", size = 181814, upload-time = "2025-09-25T21:32:35.712Z" },
    { url = "https://files.pythonhosted.org/packages/bd/9c/4d95bb87eb2063d20db7b60faa3840c1b18025517ae857371c4dd55a6b3a/pyyaml-6.0.3-cp314-cp314-macosx_11_0_arm64.whl", hash = "sha256:34d5fcd24b8445fadc33f9cf348c1047101756fd760b4dacb5c3e99755703310", size = 173809, upload-time = "2025-09-25T21:32:36.789Z" },
    { url = "https://files.pythonhosted.org/packages/92/b5/47e807c2623074914e29dabd16cbbdd4bf5e9b2db9f8090fa64411fc5382/pyyaml-6.0.3-cp314-cp314-manylinux2014_aarch64.manylinux_2_17_aarch64.manylinux_2_28_aarch64.whl", hash = "sha256:501a031947e3a9025ed4405a168e6ef5ae3126c59f90ce0cd6f2bfc477be31b7", size = 766454, upload-time = "2025-09-25T21:32:37.966Z" },
    { url = "https://files.pythonhosted.org/packages/02/9e/e5e9b168be58564121efb3de6859c452fccde0ab093d8438905899a3a483/pyyaml-6.0.3-cp314-cp314-manylinux2014_s390x.manylinux_2_17_s390x.manylinux_2_28_s390x.whl", hash = "sha256:b3bc83488de33889877a0f2543ade9f70c67d66d9ebb4ac959502e12de895788", size = 836355, upload-time = "2025-09-25T21:32:39.178Z" },
    { url = "https://files.pythonhosted.org/packages/88/f9/16491d7ed2a919954993e48aa941b200f38040928474c9e85ea9e64222c3/pyyaml-6.0.3-cp314-cp314-manylinux2014_x86_64.manylinux_2_17_x86_64.manylinux_2_28_x86_64.whl", hash = "sha256:c458b6d084f9b935061bc36216e8a69a7e293a2f1e68bf956dcd9e6cbcd143f5", size = 794175, upload-time = "2025-09-25T21:32:40.865Z" },
    { url = "https://files.pythonhosted.org/packages/dd/3f/5989debef34dc6397317802b527dbbafb2b4760878a53d4166579111411e/pyyaml-6.0.3-cp314-cp314-musllinux_1_2_aarch64.whl", hash = "sha256:7c6610def4f163542a622a73fb39f534f8c101d690126992300bf3207eab9764", size = 755228, upload-time = "2025-09-25T21:32:42.084Z" },
    { url = "https://files.pythonhosted.org/packages/d7/ce/af88a49043cd2e265be63d083fc75b27b6ed062f5f9fd6cdc223ad62f03e/pyyaml-6.0.3-cp314-cp314-musllinux_1_2_x86_64.whl", hash = "sha256:5190d403f121660ce8d1d2c1bb2ef1bd05b5f68533fc5c2ea899bd15f4399b35", size = 789194, upload-time = "2025-09-25T21:32:43.362Z" },
    { url = "https://files.pythonhosted.org/packages/23/20/bb6982b26a40bb43951265ba29d4c246ef0ff59c9fdcdf0ed04e0687de4d/pyyaml-6.0.3-cp314-cp314-win_amd64.whl", hash = "sha256:4a2e8cebe2ff6ab7d1050ecd59c25d4c8bd7e6f400f5f82b96557ac0abafd0ac", size = 156429, upload-time = "2025-09-25T21:32:57.844Z" },
    { url = "https://files.pythonhosted.org/packages/f4/f4/a4541072bb9422c8a883ab55255f918fa378ecf083f5b85e87fc2b4eda1b/pyyaml-6.0.3-cp314-cp314-win_arm64.whl", hash = "sha256:93dda82c9c22deb0a405ea4dc5f2d0cda384168e466364dec6255b293923b2f3", size = 143912, upload-time = "2025-09-25T21:32:59.247Z" },
    { url = "https://files.pythonhosted.org/packages/7c/f9/07dd09ae774e4616edf6cda684ee78f97777bdd15847253637a6f052a62f/pyyaml-6.0.3-cp314-cp314t-macosx_10_13_x86_64.whl", hash = "sha256:02893d100e99e03eda1c8fd5c441d8c60103fd175728e23e431db1b589cf5ab3", size = 189108, upload-time = "2025-09-25T21:32:44.377Z" },
    { url = "https://files.pythonhosted.org/packages/4e/78/8d08c9fb7ce09ad8c38ad533c1191cf27f7ae1effe5bb9400a46d9437fcf/pyyaml-6.0.3-cp314-cp314t-macosx_11_0_arm64.whl", hash = "sha256:c1ff362665ae507275af2853520967820d9124984e0f7466736aea23d8611fba", size = 183641, upload-time = "2025-09-25T21:32:45.407Z" },
    { url = "https://files.pythonhosted.org/packages/7b/5b/3babb19104a46945cf816d047db2788bcaf8c94527a805610b0289a01c6b/pyyaml-6.0.3-cp314-cp314t-manylinux2014_aarch64.manylinux_2_17_aarch64.manylinux_2_28_aarch64.whl", hash = "sha256:6adc77889b628398debc7b65c073bcb99c4a0237b248cacaf3fe8a557563ef6c", size = 831901, upload-time = "2025-09-25T21:32:48.83Z" },
    { url = "https://files.pythonhosted.org/packages/8b/cc/dff0684d8dc44da4d22a13f35f073d558c268780ce3c6ba1b87055bb0b87/pyyaml-6.0.3-cp314-cp314t-manylinux2014_s390x.manylinux_2_17_s390x.manylinux_2_28_s390x.whl", hash = "sha256:a80cb027f6b349846a3bf6d73b5e95e782175e52f22108cfa17876aaeff93702", size = 861132, upload-time = "2025-09-25T21:32:50.149Z" },
    { url = "https://files.pythonhosted.org/packages/b1/5e/f77dc6b9036943e285ba76b49e118d9ea929885becb0a29ba8a7c75e29fe/pyyaml-6.0.3-cp314-cp314t-manylinux2014_x86_64.manylinux_2_17_x86_64.manylinux_2_28_x86_64.whl", hash = "sha256:00c4bdeba853cc34e7dd471f16b4114f4162dc03e6b7afcc2128711f0eca823c", size = 839261, upload-time = "2025-09-25T21:32:51.808Z" },
    { url = "https://files.pythonhosted.org/packages/ce/88/a9db1376aa2a228197c58b37302f284b5617f56a5d959fd1763fb1675ce6/pyyaml-6.0.3-cp314-cp314t-musllinux_1_2_aarch64.whl", hash = "sha256:66e1674c3ef6f541c35191caae2d429b967b99e02040f5ba928632d9a7f0f065", size = 805272, upload-time = "2025-09-25T21:32:52.941Z" },
    { url = "https://files.pythonhosted.org/packages/da/92/1446574745d74df0c92e6aa4a7b0b3130706a4142b2d1a5869f2eaa423c6/pyyaml-6.0.3-cp314-cp314t-musllinux_1_2_x86_64.whl", hash = "sha256:16249ee61e95f858e83976573de0f5b2893b3677ba71c9dd36b9cf8be9ac6d65", size = 829923, upload-time = "2025-09-25T21:32:54.537Z" },
    { url = "https://files.pythonhosted.org/packages/f0/7a/1c7270340330e575b92f397352af856a8c06f230aa3e76f86b39d01b416a/pyyaml-6.0.3-cp314-cp314t-win_amd64.whl", hash = "sha256:4ad1906908f2f5ae4e5a8ddfce73c320c2a1429ec52eafd27138b7f1cbe341c9", size = 174062, upload-time = "2025-09-25T21:32:55.767Z" },
    { url = "https://files.pythonhosted.org/packages/f1/12/de94a39c2ef588c7e6455cfbe7343d3b2dc9d6b6b2f40c4c6565744c873d/pyyaml-6.0.3-cp314-cp314t-win_arm64.whl", hash = "sha256:ebc55a14a21cb14062aa4162f906cd962b28e2e9ea38f9b4391244cd8de4ae0b", size = 149341, upload-time = "2025-09-25T21:32:56.828Z" },
]

[[package]]
name = "ruff"
version = "0.16.4"
source = { registry = "https://pypi.org/simple" }
sdist = { url = "https://files.pythonhosted.org/packages/00/8f/d8074b1f25e003164087a8bfe79a0f1a3945135764dbb6aaab04103dcaf9/ruff-0.16.4.tar.gz", hash = "sha256:13171aa9d9af2240ee3504e639de73122c67e74036de5ba2e1d01422cd17e3dc", size = 4899731, upload-time = "2026-08-20T17:43:59.196Z" }
wheels = [
    { url = "https://files.pythonhosted.org/packages/ff/80/779895ef584e089d22f2c6df0d0e99a65ec2df0805f1fffd439415b8c1f0/ruff-0.16.4-py3-none-linux_armv6l.whl", hash = "sha256:df4075f71ddac40b9934af60c3ec8a53047dd5a5fdc43224e6e4e8e9a27cb6f7", size = 10006909, upload-time = "2026-08-20T17:43:16.888Z" },
    { url = "https://files.pythonhosted.org/packages/a9/e6/f553199b5e8927a05cb5c422d921fd0656b29ab976e91c44802107c6b0da/ruff-0.16.4-py3-none-macosx_10_12_x86_64.whl", hash = "sha256:0c95538517af68004306b0fb3214ff2f2af67a65092aee77cd9eb86db6656604", size = 10240201, upload-time = "2026-08-20T17:43:19.337Z" },
    { url = "https://files.pythonhosted.org/packages/1c/70/4a6dc4bb34da4dee35e30f09bbd1bfbdd26f33b62fb9b8df31f08a199cd2/ruff-0.16.4-py3-none-macosx_11_0_arm64.whl", hash = "sha256:963f83df8e69e575b64d67dd447ebbc917db41a14bf38d4593a4183e7aaa8255", size = 9835122, upload-time = "2026-08-20T17:43:21.708Z" },
    { url = "https://files.pythonhosted.org/packages/24/12/c6e22d686372c15bcb7af99831f1a1be96df696491babf4f24e4f942c527/ruff-0.16.4-py3-none-manylinux_2_17_aarch64.manylinux2014_aarch64.whl", hash = "sha256:32a5057c7ff3f6e6480a48fccfb3a412a690f48a3d03ac5cf08177d6c2da3ade", size = 9977162, upload-time = "2026-08-20T17:43:24.236Z" },
    { url = "https://files.pythonhosted.org/packages/46/49/72b10ec912f5ab5854992eaf7aa7cd36729b6937d9dc4e0fb41b3bf428ec/ruff-0.16.4-py3-none-manylinux_2_17_armv7l.manylinux2014_armv7l.whl", hash = "sha256:b3dce8d9b0c57c265b91885a66a567d8ea1372e8eb4e250fa8e5e3f579e99cff", size = 9829789, upload-time = "2026-08-20T17:43:26.966Z" },
    { url = "https://files.pythonhosted.org/packages/fa/80/0f30e32e7f6ee26edc39075502db9d368d788a44a79b55f763eb4ab03796/ruff-0.16.4-py3-none-manylinux_2_17_i686.manylinux2014_i686.whl", hash = "sha256:7dc651db49283c69f8e72c834eec4fe5573e4c646856aebece0ce385dceb2a80", size = 10527949, upload-time = "2026-08-20T17:43:29.384Z" },
    { url = "https://files.pythonhosted.org/packages/52/3d/86e8ad3542169e56cac3859a343afdb9df2ad54d35a59ce1e67baee83421/ruff-0.16.4-py3-none-manylinux_2_17_ppc64le.manylinux2014_ppc64le.whl", hash = "sha256:3817b87dbcabc92f13b05019257c5b89b5b4d51b5fb20f56fb5235ceb723cd07", size = 11333695, upload-time = "2026-08-20T17:43:31.872Z" },
    { url = "https://files.pythonhosted.org/packages/d0/16/481c29b380c20a0054a8261066665e1b3488e23636c49d0a43e75975b9bb/ruff-0.16.4-py3-none-manylinux_2_17_s390x.manylinux2014_s390x.whl", hash = "sha256:e9fce1499134b2c8c68e5166f95705a5812062bb93aacc5f9873bb1a27084bc7", size = 10727741, upload-time = "2026-08-20T17:43:34.596Z" },
    { url = "https://files.pythonhosted.org/packages/5e/b6/56bc0b8cf45b54b28b3a5e6381c8945d51b5b18adf659454c32295209a31/ruff-0.16.4-py3-none-manylinux_2_17_x86_64.manylinux2014_x86_64.whl", hash = "sha256:f2d812e482f5a7e02eee26cd73d2a37ebbdf47d795ea63ba1b89110ae93e9fb3", size = 10286522, upload-time = "2026-08-20T17:43:37.288Z" },
    { url = "https://files.pythonhosted.org/packages/e8/8b/b345b4fb110f2fbe2bd31eabd271e5e8b3b7e4ee6c0e02f2dc6be78db000/ruff-0.16.4-py3-none-manylinux_2_31_riscv64.whl", hash = "sha256:6baaf984aa7976edf93d3b627fe2d1d22ee94bbca05fa6f90fc76d73924e3454", size = 10584182, upload-time = "2026-08-20T17:43:39.984Z" },
    { url = "https://files.pythonhosted.org/packages/29/e5/827b34041c35f58774a9681a4213994c164fc987800f4dddabcf451da0bf/ruff-0.16.4-py3-none-musllinux_1_2_aarch64.whl", hash = "sha256:bdfcf0b28662eb890372d50f92c283bb94e67e7635ed93c7fd533970acff7b2b", size = 10134195, upload-time = "2026-08-20T17:43:42.351Z" },
    { url = "https://files.pythonhosted.org/packages/0f/10/d0bffcdd6729b87afc82ba0ef377173356a7dc8e972f5179968cf2fdf98c/ruff-0.16.4-py3-none-musllinux_1_2_armv7l.whl", hash = "sha256:b66b02cb9b04f537643cadf5768e5f98dc461890d530cb67113d71c8c76e605d", size = 9825821, upload-time = "2026-08-20T17:43:44.532Z" },
    { url = "https://files.pythonhosted.org/packages/f5/32/0db2a863b796ca62d83e92a07a3ccf00921b14db02059347576a2fda3d4b/ruff-0.16.4-py3-none-musllinux_1_2_i686.whl", hash = "sha256:8528bf9a4b291a60bf02ea453511e8ce6215bd2b982ee80405b66b008b6c30a0", size = 10267658, upload-time = "2026-08-20T17:43:46.989Z" },
    { url = "https://files.pythonhosted.org/packages/b2/a0/fbdeb59e48c6261f523e56c8f12e9c08fbe693786595cc7e3959207a9232/ruff-0.16.4-py3-none-musllinux_1_2_x86_64.whl", hash = "sha256:fbd85d2875fdd67e833213a651f613bbf25303abf6aa822a5121f4531195678d", size = 10697071, upload-time = "2026-08-20T17:43:49.891Z" },
    { url = "https://files.pythonhosted.org/packages/aa/28/0c6dd865859c6d17bc8ccc34cb72b0e02d6c7eb25e8a1e22b5bea681e2c0/ruff-0.16.4-py3-none-win32.whl", hash = "sha256:312769988007aaeb8e189b443ccdd03c0e6374489e053467be6d96518ebff76e", size = 10021687, upload-time = "2026-08-20T17:43:52.281Z" },
    { url = "https://files.pythonhosted.org/packages/a3/03/e724450f621698117f9aa6dd241c94d0274ae96781378dc86745ae29f0e7/ruff-0.16.4-py3-none-win_amd64.whl", hash = "sha256:05d9d27a18c4bcbefada602480ec9e01e0bc949d432e0ced5df77edac195919c", size = 10567657, upload-time = "2026-08-20T17:43:54.78Z" },
    { url = "https://files.pythonhosted.org/packages/0e/fe/da8b9e1347696bb22120b77280ec5ce25d500ca5cb39d5ad6e5c18de19c1/ruff-0.16.4-py3-none-win_arm64.whl", hash = "sha256:a3a61621c9b6f6a89573e938a080e648f1695baa3f58570a3a707bc51ff65a21", size = 10451579, upload-time = "2026-08-20T17:43:57.135Z" },
]

[[package]]
name = "ty"
version = "0.0.73"
source = { registry = "https://pypi.org/simple" }
sdist = { url = "https://files.pythonhosted.org/packages/e5/90/c4e1bb4cead3b644c3e258a27f9b05c7dc5eb0ec96a4f5282194edae9e0d/ty-0.0.73.tar.gz", hash = "sha256:823d4ce0d237bfc7eb6bcee70842f2c0706113813a16951077840743712f4b74", size = 6712739, upload-time = "2026-08-19T03:12:43.381Z" }
wheels = [
    { url = "https://files.pythonhosted.org/packages/e4/0f/f5e1801e55cc631f2db193276675b30561b963a2403da832bffb5d100267/ty-0.0.73-py3-none-linux_armv6l.whl", hash = "sha256:90a946082bf9bc446b5e72973d9f4ff1222a240b2ca4c9e6eed61eb913e30810", size = 12715452, upload-time = "2026-08-19T03:12:06.673Z" },
    { url = "https://files.pythonhosted.org/packages/54/32/515dd05074c213b433524ab97eb003b0132ae7e358e0d75633ba7a314ed8/ty-0.0.73-py3-none-macosx_10_12_x86_64.whl", hash = "sha256:b7d6b5c6a6db7ea95fbbc16af514ef44a27a29a2fe1dc798900790364d170209", size = 12301870, upload-time = "2026-08-19T03:12:08.924Z" },
    { url = "https://files.pythonhosted.org/packages/50/4d/085b4889f0d4bbe4af8b96242d4a1cb209fff95967cfa239ea141983719b/ty-0.0.73-py3-none-macosx_11_0_arm64.whl", hash = "sha256:dd6f657f463e01372d8688f235be164750c8db722c97da27fa4903aa8d40b203", size = 12111741, upload-time = "2026-08-19T03:12:11.067Z" },
    { url = "https://files.pythonhosted.org/packages/95/f6/d6ec277cadfecf03ad4c18551b67c4c6eb7807a0560d801db14be99d7a89/ty-0.0.73-py3-none-manylinux_2_17_aarch64.manylinux2014_aarch64.whl", hash = "sha256:fc2de468e33fd44c9ff1c43473a7316f4289480f5cba8995a67b6d22aee39ca9", size = 12196124, upload-time = "2026-08-19T03:12:13.14Z" },
    { url = "https://files.pythonhosted.org/packages/75/b7/ce78d8707563af9cae9bbd25328bfbc4931035085bd20089adf0c418f70e/ty-0.0.73-py3-none-manylinux_2_17_armv7l.manylinux2014_armv7l.whl", hash = "sha256:2942fa0ef795a66034cdc8d75a72f453442f3b58ff2f69b4da05b7b954765b55", size = 12488557, upload-time = "2026-08-19T03:12:15.252Z" },
    { url = "https://files.pythonhosted.org/packages/d8/e8/329b9851b23502758c5c98e8cc875ea2a1b4c9674b4ca3a86da56a5063d3/ty-0.0.73-py3-none-manylinux_2_17_i686.manylinux2014_i686.whl", hash = "sha256:1e0f1ef14f642e18ac4e7a616a2796dcf7a5d82e28cd17f9796494acc7c4aabb", size = 13215606, upload-time = "2026-08-19T03:12:17.225Z" },
    { url = "https://files.pythonhosted.org/packages/36/38/67fedfd2cb77516ef0066b1642f487dba0eb3006493cf3475b15f5b8b228/ty-0.0.73-py3-none-manylinux_2_17_ppc64le.manylinux2014_ppc64le.whl", hash = "sha256:16981e15fdceedb37d0aff76c5ac25914595dfee2675af95335550064251ad22", size = 13665497, upload-time = "2026-08-19T03:12:19.286Z" },
    { url = "https://files.pythonhosted.org/packages/8e/b3/154f4dd48ec5eebc186ab4b822c6e62f982fc5ddfd262d6e3903c2acba44/ty-0.0.73-py3-none-manylinux_2_17_s390x.manylinux2014_s390x.whl", hash = "sha256:644b2bec8a2e2e4957a942ae81d6cff5571c489bb5a8675e4d3886de537a694d", size = 13351231, upload-time = "2026-08-19T03:12:21.353Z" },
    { url = "https://files.pythonhosted.org/packages/35/5f/d462496903fbe453fb76363f8478be929c8e6ff21e6928c57dcd7e5fa21f/ty-0.0.73-py3-none-manylinux_2_17_x86_64.manylinux2014_x86_64.whl", hash = "sha256:338d565be3186f50ff8e9d10483685549c2d23f0754485d5ede3b54f4319188a", size = 12782586, upload-time = "2026-08-19T03:12:23.667Z" },
    { url = "https://files.pythonhosted.org/packages/87/52/ec6d24b74abe3ec324204c1c71e6d0c6c76a17ffc15fd51d603b0a302abe/ty-0.0.73-py3-none-manylinux_2_31_riscv64.whl", hash = "sha256:11c7b6d839309d2c102cb3a4c03d817176bbfab5b2fccc95a75ec5c9597421c9", size = 13247134, upload-time = "2026-08-19T03:12:25.956Z" },
    { url = "https://files.pythonhosted.org/packages/26/20/cc74650fec56a54786c6d7c89e09576fcad3092be34cf21715d39a406a9b/ty-0.0.73-py3-none-musllinux_1_2_aarch64.whl", hash = "sha256:488572db7ff97fb50ea36a76250f2d617c9727d143da6c7bf0623276eb0fc507", size = 12309344, upload-time = "2026-08-19T03:12:28.122Z" },
    { url = "https://files.pythonhosted.org/packages/89/bd/4b0a9087f4315d7fbadf77a3ce44c816cc9ffabed1ced06cc5be81fbc414/ty-0.0.73-py3-none-musllinux_1_2_armv7l.whl", hash = "sha256:1b958ebceefbbf594e59eb8d3d55bbd033ce634026fcba3e4bc3179e78e45bb7", size = 12502319, upload-time = "2026-08-19T03:12:30.128Z" },
    { url = "https://files.pythonhosted.org/packages/11/80/0a925074911fe111912ea29d9eed309bcc183f43d2fb3eef07db056a0beb/ty-0.0.73-py3-none-musllinux_1_2_i686.whl", hash = "sha256:91a32993b3c34e42c3f323ad6c0399cb596bd1c27e9b7f20db7cd64c1067b68e", size = 12753688, upload-time = "2026-08-19T03:12:32.433Z" },
    { url = "https://files.pythonhosted.org/packages/24/6b/aeccaf89efbc2e112bd415340a22e2669ec998aa397242503e747b712ca4/ty-0.0.73-py3-none-musllinux_1_2_x86_64.whl", hash = "sha256:bab8a19fbf51f479bddb2a12c5fabfe52f918a5590362321ed5d89b44eb62c15", size = 13069050, upload-time = "2026-08-19T03:12:35.398Z" },
    { url = "https://files.pythonhosted.org/packages/d7/3e/eae485fd86c1585943fd4e1746b0757b2da01e2c43136ebe8c686fe1c7f1/ty-0.0.73-py3-none-win32.whl", hash = "sha256:03347a612f0fa020b19bfd8dbd521db6ecc75d377a3e4d4f6e6c2e62871da4cc", size = 12053187, upload-time = "2026-08-19T03:12:37.565Z" },
    { url = "https://files.pythonhosted.org/packages/a7/01/9b8b983786e3ce34924e372e8b76b92b508273ab65c589fc7e88cc03ee17/ty-0.0.73-py3-none-win_amd64.whl", hash = "sha256:cedd05122ded0b5dcc55431a370e974b747f99c41c290a3d2ab8c1867f197519", size = 12693838, upload-time = "2026-08-19T03:12:39.483Z" },
    { url = "https://files.pythonhosted.org/packages/ea/88/25333bbfea6a5dc064371d2002d3d4807db90b84d5448f9106b2712b0fbc/ty-0.0.73-py3-none-win_arm64.whl", hash = "sha256:e47068f8369dea5d641a26a2ad0a947a320b02ff87099b07e95de0323245a4dc", size = 12443573, upload-time = "2026-08-19T03:12:41.449Z" },
]
